// !$*UTF8*$!
{
	archiveVersion = 1;
	classes = {
	};
	objectVersion = 48;
	objects = {

/* Begin PBXBuildFile section */
		04E66C841FB22ABD004F7C56 /* AppDelegate.swift in Sources */ = {isa = PBXBuildFile; fileRef = 04E66C831FB22ABD004F7C56 /* AppDelegate.swift */; };
		04E66C861FB22ABD004F7C56 /* ViewController.swift in Sources */ = {isa = PBXBuildFile; fileRef = 04E66C851FB22ABD004F7C56 /* ViewController.swift */; };
		04E66C891FB22ABD004F7C56 /* Main.storyboard in Resources */ = {isa = PBXBuildFile; fileRef = 04E66C871FB22ABD004F7C56 /* Main.storyboard */; };
		04E66C8B1FB22ABD004F7C56 /* Assets.xcassets in Resources */ = {isa = PBXBuildFile; fileRef = 04E66C8A1FB22ABD004F7C56 /* Assets.xcassets */; };
		04E66C8E1FB22ABD004F7C56 /* LaunchScreen.storyboard in Resources */ = {isa = PBXBuildFile; fileRef = 04E66C8C1FB22ABD004F7C56 /* LaunchScreen.storyboard */; };
		04E66C991FB22ABE004F7C56 /* WordGameTests.swift in Sources */ = {isa = PBXBuildFile; fileRef = 04E66C981FB22ABE004F7C56 /* WordGameTests.swift */; };
		04E66CA41FB22ABE004F7C56 /* WordGameUITests.swift in Sources */ = {isa = PBXBuildFile; fileRef = 04E66CA31FB22ABE004F7C56 /* WordGameUITests.swift */; };
		04E66CB61FB23A11004F7C56 /* play_button.png in Resources */ = {isa = PBXBuildFile; fileRef = 04E66CB51FB23A10004F7C56 /* play_button.png */; };
		04E66CB81FB23B3B004F7C56 /* playView.xib in Resources */ = {isa = PBXBuildFile; fileRef = 04E66CB71FB23B3B004F7C56 /* playView.xib */; };
/* End PBXBuildFile section */

/* Begin PBXContainerItemProxy section */
		04E66C951FB22ABE004F7C56 /* PBXContainerItemProxy */ = {
			isa = PBXContainerItemProxy;
			containerPortal = 04E66C781FB22ABC004F7C56 /* Project object */;
			proxyType = 1;
			remoteGlobalIDString = 04E66C7F1FB22ABC004F7C56;
			remoteInfo = WordGame;
		};
		04E66CA01FB22ABE004F7C56 /* PBXContainerItemProxy */ = {
			isa = PBXContainerItemProxy;
			containerPortal = 04E66C781FB22ABC004F7C56 /* Project object */;
			proxyType = 1;
			remoteGlobalIDString = 04E66C7F1FB22ABC004F7C56;
			remoteInfo = WordGame;
		};
/* End PBXContainerItemProxy section */

/* Begin PBXFileReference section */
		04E66C801FB22ABD004F7C56 /* WordGame.app */ = {isa = PBXFileReference; explicitFileType = wrapper.application; includeInIndex = 0; path = WordGame.app; sourceTree = BUILT_PRODUCTS_DIR; };
		04E66C831FB22ABD004F7C56 /* AppDelegate.swift */ = {isa = PBXFileReference; lastKnownFileType = sourcecode.swift; path = AppDelegate.swift; sourceTree = "<group>"; };
		04E66C851FB22ABD004F7C56 /* ViewController.swift */ = {isa = PBXFileReference; lastKnownFileType = sourcecode.swift; path = ViewController.swift; sourceTree = "<group>"; };
		04E66C881FB22ABD004F7C56 /* Base */ = {isa = PBXFileReference; lastKnownFileType = file.storyboard; name = Base; path = Base.lproj/Main.storyboard; sourceTree = "<group>"; };
		04E66C8A1FB22ABD004F7C56 /* Assets.xcassets */ = {isa = PBXFileReference; lastKnownFileType = folder.assetcatalog; path = Assets.xcassets; sourceTree = "<group>"; };
		04E66C8D1FB22ABD004F7C56 /* Base */ = {isa = PBXFileReference; lastKnownFileType = file.storyboard; name = Base; path = Base.lproj/LaunchScreen.storyboard; sourceTree = "<group>"; };
		04E66C8F1FB22ABE004F7C56 /* Info.plist */ = {isa = PBXFileReference; lastKnownFileType = text.plist.xml; path = Info.plist; sourceTree = "<group>"; };
		04E66C941FB22ABE004F7C56 /* WordGameTests.xctest */ = {isa = PBXFileReference; explicitFileType = wrapper.cfbundle; includeInIndex = 0; path = WordGameTests.xctest; sourceTree = BUILT_PRODUCTS_DIR; };
		04E66C981FB22ABE004F7C56 /* WordGameTests.swift */ = {isa = PBXFileReference; lastKnownFileType = sourcecode.swift; path = WordGameTests.swift; sourceTree = "<group>"; };
		04E66C9A1FB22ABE004F7C56 /* Info.plist */ = {isa = PBXFileReference; lastKnownFileType = text.plist.xml; path = Info.plist; sourceTree = "<group>"; };
		04E66C9F1FB22ABE004F7C56 /* WordGameUITests.xctest */ = {isa = PBXFileReference; explicitFileType = wrapper.cfbundle; includeInIndex = 0; path = WordGameUITests.xctest; sourceTree = BUILT_PRODUCTS_DIR; };
		04E66CA31FB22ABE004F7C56 /* WordGameUITests.swift */ = {isa = PBXFileReference; lastKnownFileType = sourcecode.swift; path = WordGameUITests.swift; sourceTree = "<group>"; };
		04E66CA51FB22ABE004F7C56 /* Info.plist */ = {isa = PBXFileReference; lastKnownFileType = text.plist.xml; path = Info.plist; sourceTree = "<group>"; };
		04E66CB51FB23A10004F7C56 /* play_button.png */ = {isa = PBXFileReference; lastKnownFileType = image.png; name = play_button.png; path = ../../../../../Users/rebeccafinne/Desktop/play_button.png; sourceTree = "<group>"; };
		04E66CB71FB23B3B004F7C56 /* playView.xib */ = {isa = PBXFileReference; lastKnownFileType = file.xib; path = playView.xib; sourceTree = "<group>"; };
/* End PBXFileReference section */

/* Begin PBXFrameworksBuildPhase section */
		04E66C7D1FB22ABC004F7C56 /* Frameworks */ = {
			isa = PBXFrameworksBuildPhase;
			buildActionMask = 2147483647;
			files = (
			);
			runOnlyForDeploymentPostprocessing = 0;
		};
		04E66C911FB22ABE004F7C56 /* Frameworks */ = {
			isa = PBXFrameworksBuildPhase;
			buildActionMask = 2147483647;
			files = (
			);
			runOnlyForDeploymentPostprocessing = 0;
		};
		04E66C9C1FB22ABE004F7C56 /* Frameworks */ = {
			isa = PBXFrameworksBuildPhase;
			buildActionMask = 2147483647;
			files = (
			);
			runOnlyForDeploymentPostprocessing = 0;
		};
/* End PBXFrameworksBuildPhase section */

/* Begin PBXGroup section */
		04E66C771FB22ABC004F7C56 = {
			isa = PBXGroup;
			children = (
				04E66C821FB22ABD004F7C56 /* WordGame */,
				04E66C971FB22ABE004F7C56 /* WordGameTests */,
				04E66CA21FB22ABE004F7C56 /* WordGameUITests */,
				04E66C811FB22ABD004F7C56 /* Products */,
			);
			sourceTree = "<group>";
		};
		04E66C811FB22ABD004F7C56 /* Products */ = {
			isa = PBXGroup;
			children = (
				04E66C801FB22ABD004F7C56 /* WordGame.app */,
				04E66C941FB22ABE004F7C56 /* WordGameTests.xctest */,
				04E66C9F1FB22ABE004F7C56 /* WordGameUITests.xctest */,
			);
			name = Products;
			sourceTree = "<group>";
		};
		04E66C821FB22ABD004F7C56 /* WordGame */ = {
			isa = PBXGroup;
			children = (
				04E66C831FB22ABD004F7C56 /* AppDelegate.swift */,
				04E66C851FB22ABD004F7C56 /* ViewController.swift */,
				04E66C871FB22ABD004F7C56 /* Main.storyboard */,
				04E66C8A1FB22ABD004F7C56 /* Assets.xcassets */,
				04E66C8C1FB22ABD004F7C56 /* LaunchScreen.storyboard */,
				04E66CB51FB23A10004F7C56 /* play_button.png */,
				04E66C8F1FB22ABE004F7C56 /* Info.plist */,
				04E66CB71FB23B3B004F7C56 /* playView.xib */,
			);
			path = WordGame;
			sourceTree = "<group>";
		};
		04E66C971FB22ABE004F7C56 /* WordGameTests */ = {
			isa = PBXGroup;
			children = (
				04E66C981FB22ABE004F7C56 /* WordGameTests.swift */,
				04E66C9A1FB22ABE004F7C56 /* Info.plist */,
			);
			path = WordGameTests;
			sourceTree = "<group>";
		};
		04E66CA21FB22ABE004F7C56 /* WordGameUITests */ = {
			isa = PBXGroup;
			children = (
				04E66CA31FB22ABE004F7C56 /* WordGameUITests.swift */,
				04E66CA51FB22ABE004F7C56 /* Info.plist */,
			);
			path = WordGameUITests;
			sourceTree = "<group>";
		};
/* End PBXGroup section */

/* Begin PBXNativeTarget section */
		04E66C7F1FB22ABC004F7C56 /* WordGame */ = {
			isa = PBXNativeTarget;
			buildConfigurationList = 04E66CA81FB22ABE004F7C56 /* Build configuration list for PBXNativeTarget "WordGame" */;
			buildPhases = (
				04E66C7C1FB22ABC004F7C56 /* Sources */,
				04E66C7D1FB22ABC004F7C56 /* Frameworks */,
				04E66C7E1FB22ABC004F7C56 /* Resources */,
			);
			buildRules = (
			);
			dependencies = (
			);
			name = WordGame;
			productName = WordGame;
			productReference = 04E66C801FB22ABD004F7C56 /* WordGame.app */;
			productType = "com.apple.product-type.application";
		};
		04E66C931FB22ABE004F7C56 /* WordGameTests */ = {
			isa = PBXNativeTarget;
			buildConfigurationList = 04E66CAB1FB22ABE004F7C56 /* Build configuration list for PBXNativeTarget "WordGameTests" */;
			buildPhases = (
				04E66C901FB22ABE004F7C56 /* Sources */,
				04E66C911FB22ABE004F7C56 /* Frameworks */,
				04E66C921FB22ABE004F7C56 /* Resources */,
			);
			buildRules = (
			);
			dependencies = (
				04E66C961FB22ABE004F7C56 /* PBXTargetDependency */,
			);
			name = WordGameTests;
			productName = WordGameTests;
			productReference = 04E66C941FB22ABE004F7C56 /* WordGameTests.xctest */;
			productType = "com.apple.product-type.bundle.unit-test";
		};
		04E66C9E1FB22ABE004F7C56 /* WordGameUITests */ = {
			isa = PBXNativeTarget;
			buildConfigurationList = 04E66CAE1FB22ABE004F7C56 /* Build configuration list for PBXNativeTarget "WordGameUITests" */;
			buildPhases = (
				04E66C9B1FB22ABE004F7C56 /* Sources */,
				04E66C9C1FB22ABE004F7C56 /* Frameworks */,
				04E66C9D1FB22ABE004F7C56 /* Resources */,
			);
			buildRules = (
			);
			dependencies = (
				04E66CA11FB22ABE004F7C56 /* PBXTargetDependency */,
			);
			name = WordGameUITests;
			productName = WordGameUITests;
			productReference = 04E66C9F1FB22ABE004F7C56 /* WordGameUITests.xctest */;
			productType = "com.apple.product-type.bundle.ui-testing";
		};
/* End PBXNativeTarget section */

/* Begin PBXProject section */
		04E66C781FB22ABC004F7C56 /* Project object */ = {
			isa = PBXProject;
			attributes = {
				LastSwiftUpdateCheck = 0910;
				LastUpgradeCheck = 0910;
				ORGANIZATIONNAME = "Rebecca Finne";
				TargetAttributes = {
					04E66C7F1FB22ABC004F7C56 = {
						CreatedOnToolsVersion = 9.1;
						ProvisioningStyle = Automatic;
					};
					04E66C931FB22ABE004F7C56 = {
						CreatedOnToolsVersion = 9.1;
						ProvisioningStyle = Automatic;
						TestTargetID = 04E66C7F1FB22ABC004F7C56;
					};
					04E66C9E1FB22ABE004F7C56 = {
						CreatedOnToolsVersion = 9.1;
						ProvisioningStyle = Automatic;
						TestTargetID = 04E66C7F1FB22ABC004F7C56;
					};
				};
			};
			buildConfigurationList = 04E66C7B1FB22ABC004F7C56 /* Build configuration list for PBXProject "WordGame" */;
			compatibilityVersion = "Xcode 8.0";
			developmentRegion = en;
			hasScannedForEncodings = 0;
			knownRegions = (
				en,
				Base,
			);
			mainGroup = 04E66C771FB22ABC004F7C56;
			productRefGroup = 04E66C811FB22ABD004F7C56 /* Products */;
			projectDirPath = "";
			projectRoot = "";
			targets = (
				04E66C7F1FB22ABC004F7C56 /* WordGame */,
				04E66C931FB22ABE004F7C56 /* WordGameTests */,
				04E66C9E1FB22ABE004F7C56 /* WordGameUITests */,
			);
		};
/* End PBXProject section */

/* Begin PBXResourcesBuildPhase section */
		04E66C7E1FB22ABC004F7C56 /* Resources */ = {
			isa = PBXResourcesBuildPhase;
			buildActionMask = 2147483647;
			files = (
				04E66CB81FB23B3B004F7C56 /* playView.xib in Resources */,
				04E66C8E1FB22ABD004F7C56 /* LaunchScreen.storyboard in Resources */,
				04E66C8B1FB22ABD004F7C56 /* Assets.xcassets in Resources */,
				04E66C891FB22ABD004F7C56 /* Main.storyboard in Resources */,
				04E66CB61FB23A11004F7C56 /* play_button.png in Resources */,
			);
			runOnlyForDeploymentPostprocessing = 0;
		};
		04E66C921FB22ABE004F7C56 /* Resources */ = {
			isa = PBXResourcesBuildPhase;
			buildActionMask = 2147483647;
			files = (
			);
			runOnlyForDeploymentPostprocessing = 0;
		};
		04E66C9D1FB22ABE004F7C56 /* Resources */ = {
			isa = PBXResourcesBuildPhase;
			buildActionMask = 2147483647;
			files = (
			);
			runOnlyForDeploymentPostprocessing = 0;
		};
/* End PBXResourcesBuildPhase section */

/* Begin PBXSourcesBuildPhase section */
		04E66C7C1FB22ABC004F7C56 /* Sources */ = {
			isa = PBXSourcesBuildPhase;
			buildActionMask = 2147483647;
			files = (
				04E66C861FB22ABD004F7C56 /* ViewController.swift in Sources */,
				04E66C841FB22ABD004F7C56 /* AppDelegate.swift in Sources */,
			);
			runOnlyForDeploymentPostprocessing = 0;
		};
		04E66C901FB22ABE004F7C56 /* Sources */ = {
			isa = PBXSourcesBuildPhase;
			buildActionMask = 2147483647;
			files = (
				04E66C991FB22ABE004F7C56 /* WordGameTests.swift in Sources */,
			);
			runOnlyForDeploymentPostprocessing = 0;
		};
		04E66C9B1FB22ABE004F7C56 /* Sources */ = {
			isa = PBXSourcesBuildPhase;
			buildActionMask = 2147483647;
			files = (
				04E66CA41FB22ABE004F7C56 /* WordGameUITests.swift in Sources */,
			);
			runOnlyForDeploymentPostprocessing = 0;
		};
/* End PBXSourcesBuildPhase section */

/* Begin PBXTargetDependency section */
		04E66C961FB22ABE004F7C56 /* PBXTargetDependency */ = {
			isa = PBXTargetDependency;
			target = 04E66C7F1FB22ABC004F7C56 /* WordGame */;
			targetProxy = 04E66C951FB22ABE004F7C56 /* PBXContainerItemProxy */;
		};
		04E66CA11FB22ABE004F7C56 /* PBXTargetDependency */ = {
			isa = PBXTargetDependency;
			target = 04E66C7F1FB22ABC004F7C56 /* WordGame */;
			targetProxy = 04E66CA01FB22ABE004F7C56 /* PBXContainerItemProxy */;
		};
/* End PBXTargetDependency section */

/* Begin PBXVariantGroup section */
		04E66C871FB22ABD004F7C56 /* Main.storyboard */ = {
			isa = PBXVariantGroup;
			children = (
				04E66C881FB22ABD004F7C56 /* Base */,
			);
			name = Main.storyboard;
			sourceTree = "<group>";
		};
		04E66C8C1FB22ABD004F7C56 /* LaunchScreen.storyboard */ = {
			isa = PBXVariantGroup;
			children = (
				04E66C8D1FB22ABD004F7C56 /* Base */,
			);
			name = LaunchScreen.storyboard;
			sourceTree = "<group>";
		};
/* End PBXVariantGroup section */

/* Begin XCBuildConfiguration section */
		04E66CA61FB22ABE004F7C56 /* Debug */ = {
			isa = XCBuildConfiguration;
			buildSettings = {
				ALWAYS_SEARCH_USER_PATHS = NO;
				CLANG_ANALYZER_NONNULL = YES;
				CLANG_ANALYZER_NUMBER_OBJECT_CONVERSION = YES_AGGRESSIVE;
				CLANG_CXX_LANGUAGE_STANDARD = "gnu++14";
				CLANG_CXX_LIBRARY = "libc++";
				CLANG_ENABLE_MODULES = YES;
				CLANG_ENABLE_OBJC_ARC = YES;
				CLANG_WARN_BLOCK_CAPTURE_AUTORELEASING = YES;
				CLANG_WARN_BOOL_CONVERSION = YES;
				CLANG_WARN_COMMA = YES;
				CLANG_WARN_CONSTANT_CONVERSION = YES;
				CLANG_WARN_DIRECT_OBJC_ISA_USAGE = YES_ERROR;
				CLANG_WARN_DOCUMENTATION_COMMENTS = YES;
				CLANG_WARN_EMPTY_BODY = YES;
				CLANG_WARN_ENUM_CONVERSION = YES;
				CLANG_WARN_INFINITE_RECURSION = YES;
				CLANG_WARN_INT_CONVERSION = YES;
				CLANG_WARN_NON_LITERAL_NULL_CONVERSION = YES;
				CLANG_WARN_OBJC_LITERAL_CONVERSION = YES;
				CLANG_WARN_OBJC_ROOT_CLASS = YES_ERROR;
				CLANG_WARN_RANGE_LOOP_ANALYSIS = YES;
				CLANG_WARN_STRICT_PROTOTYPES = YES;
				CLANG_WARN_SUSPICIOUS_MOVE = YES;
				CLANG_WARN_UNGUARDED_AVAILABILITY = YES_AGGRESSIVE;
				CLANG_WARN_UNREACHABLE_CODE = YES;
				CLANG_WARN__DUPLICATE_METHOD_MATCH = YES;
				CODE_SIGN_IDENTITY = "iPhone Developer";
				COPY_PHASE_STRIP = NO;
				DEBUG_INFORMATION_FORMAT = dwarf;
				ENABLE_STRICT_OBJC_MSGSEND = YES;
				ENABLE_TESTABILITY = YES;
				GCC_C_LANGUAGE_STANDARD = gnu11;
				GCC_DYNAMIC_NO_PIC = NO;
				GCC_NO_COMMON_BLOCKS = YES;
				GCC_OPTIMIZATION_LEVEL = 0;
				GCC_PREPROCESSOR_DEFINITIONS = (
					"DEBUG=1",
					"$(inherited)",
				);
				GCC_WARN_64_TO_32_BIT_CONVERSION = YES;
				GCC_WARN_ABOUT_RETURN_TYPE = YES_ERROR;
				GCC_WARN_UNDECLARED_SELECTOR = YES;
				GCC_WARN_UNINITIALIZED_AUTOS = YES_AGGRESSIVE;
				GCC_WARN_UNUSED_FUNCTION = YES;
				GCC_WARN_UNUSED_VARIABLE = YES;
				IPHONEOS_DEPLOYMENT_TARGET = 11.1;
				MTL_ENABLE_DEBUG_INFO = YES;
				ONLY_ACTIVE_ARCH = YES;
				SDKROOT = iphoneos;
				SWIFT_ACTIVE_COMPILATION_CONDITIONS = DEBUG;
				SWIFT_OPTIMIZATION_LEVEL = "-Onone";
			};
			name = Debug;
		};
		04E66CA71FB22ABE004F7C56 /* Release */ = {
			isa = XCBuildConfiguration;
			buildSettings = {
				ALWAYS_SEARCH_USER_PATHS = NO;
				CLANG_ANALYZER_NONNULL = YES;
				CLANG_ANALYZER_NUMBER_OBJECT_CONVERSION = YES_AGGRESSIVE;
				CLANG_CXX_LANGUAGE_STANDARD = "gnu++14";
				CLANG_CXX_LIBRARY = "libc++";
				CLANG_ENABLE_MODULES = YES;
				CLANG_ENABLE_OBJC_ARC = YES;
				CLANG_WARN_BLOCK_CAPTURE_AUTORELEASING = YES;
				CLANG_WARN_BOOL_CONVERSION = YES;
				CLANG_WARN_COMMA = YES;
				CLANG_WARN_CONSTANT_CONVERSION = YES;
				CLANG_WARN_DIRECT_OBJC_ISA_USAGE = YES_ERROR;
				CLANG_WARN_DOCUMENTATION_COMMENTS = YES;
				CLANG_WARN_EMPTY_BODY = YES;
				CLANG_WARN_ENUM_CONVERSION = YES;
				CLANG_WARN_INFINITE_RECURSION = YES;
				CLANG_WARN_INT_CONVERSION = YES;
				CLANG_WARN_NON_LITERAL_NULL_CONVERSION = YES;
				CLANG_WARN_OBJC_LITERAL_CONVERSION = YES;
				CLANG_WARN_OBJC_ROOT_CLASS = YES_ERROR;
				CLANG_WARN_RANGE_LOOP_ANALYSIS = YES;
				CLANG_WARN_STRICT_PROTOTYPES = YES;
				CLANG_WARN_SUSPICIOUS_MOVE = YES;
				CLANG_WARN_UNGUARDED_AVAILABILITY = YES_AGGRESSIVE;
				CLANG_WARN_UNREACHABLE_CODE = YES;
				CLANG_WARN__DUPLICATE_METHOD_MATCH = YES;
				CODE_SIGN_IDENTITY = "iPhone Developer";
				COPY_PHASE_STRIP = NO;
				DEBUG_INFORMATION_FORMAT = "dwarf-with-dsym";
				ENABLE_NS_ASSERTIONS = NO;
				ENABLE_STRICT_OBJC_MSGSEND = YES;
				GCC_C_LANGUAGE_STANDARD = gnu11;
				GCC_NO_COMMON_BLOCKS = YES;
				GCC_WARN_64_TO_32_BIT_CONVERSION = YES;
				GCC_WARN_ABOUT_RETURN_TYPE = YES_ERROR;
				GCC_WARN_UNDECLARED_SELECTOR = YES;
				GCC_WARN_UNINITIALIZED_AUTOS = YES_AGGRESSIVE;
				GCC_WARN_UNUSED_FUNCTION = YES;
				GCC_WARN_UNUSED_VARIABLE = YES;
				IPHONEOS_DEPLOYMENT_TARGET = 11.1;
				MTL_ENABLE_DEBUG_INFO = NO;
				SDKROOT = iphoneos;
				SWIFT_OPTIMIZATION_LEVEL = "-Owholemodule";
				VALIDATE_PRODUCT = YES;
			};
			name = Release;
		};
		04E66CA91FB22ABE004F7C56 /* Debug */ = {
			isa = XCBuildConfiguration;
			buildSettings = {
				ASSETCATALOG_COMPILER_APPICON_NAME = AppIcon;
				CODE_SIGN_STYLE = Automatic;
				DEVELOPMENT_TEAM = TY8VUPNDK8;
				INFOPLIST_FILE = WordGame/Info.plist;
				LD_RUNPATH_SEARCH_PATHS = "$(inherited) @executable_path/Frameworks";
				PRODUCT_BUNDLE_IDENTIFIER = SwiftTest.WordGame;
				PRODUCT_NAME = "$(TARGET_NAME)";
				SWIFT_VERSION = 4.0;
				TARGETED_DEVICE_FAMILY = "1,2";
			};
			name = Debug;
		};
		04E66CAA1FB22ABE004F7C56 /* Release */ = {
			isa = XCBuildConfiguration;
			buildSettings = {
				ASSETCATALOG_COMPILER_APPICON_NAME = AppIcon;
				CODE_SIGN_STYLE = Automatic;
				DEVELOPMENT_TEAM = TY8VUPNDK8;
				INFOPLIST_FILE = WordGame/Info.plist;
				LD_RUNPATH_SEARCH_PATHS = "$(inherited) @executable_path/Frameworks";
				PRODUCT_BUNDLE_IDENTIFIER = SwiftTest.WordGame;
				PRODUCT_NAME = "$(TARGET_NAME)";
				SWIFT_VERSION = 4.0;
				TARGETED_DEVICE_FAMILY = "1,2";
			};
			name = Release;
		};
		04E66CAC1FB22ABE004F7C56 /* Debug */ = {
			isa = XCBuildConfiguration;
			buildSettings = {
				ALWAYS_EMBED_SWIFT_STANDARD_LIBRARIES = YES;
				BUNDLE_LOADER = "$(TEST_HOST)";
				CODE_SIGN_STYLE = Automatic;
				DEVELOPMENT_TEAM = TY8VUPNDK8;
				INFOPLIST_FILE = WordGameTests/Info.plist;
				LD_RUNPATH_SEARCH_PATHS = "$(inherited) @executable_path/Frameworks @loader_path/Frameworks";
				PRODUCT_BUNDLE_IDENTIFIER = SwiftTest.WordGameTests;
				PRODUCT_NAME = "$(TARGET_NAME)";
				SWIFT_VERSION = 4.0;
				TARGETED_DEVICE_FAMILY = "1,2";
				TEST_HOST = "$(BUILT_PRODUCTS_DIR)/WordGame.app/WordGame";
			};
			name = Debug;
		};
		04E66CAD1FB22ABE004F7C56 /* Release */ = {
			isa = XCBuildConfiguration;
			buildSettings = {
				ALWAYS_EMBED_SWIFT_STANDARD_LIBRARIES = YES;
				BUNDLE_LOADER = "$(TEST_HOST)";
				CODE_SIGN_STYLE = Automatic;
				DEVELOPMENT_TEAM = TY8VUPNDK8;
				INFOPLIST_FILE = WordGameTests/Info.plist;
				LD_RUNPATH_SEARCH_PATHS = "$(inherited) @executable_path/Frameworks @loader_path/Frameworks";
				PRODUCT_BUNDLE_IDENTIFIER = SwiftTest.WordGameTests;
				PRODUCT_NAME = "$(TARGET_NAME)";
				SWIFT_VERSION = 4.0;
				TARGETED_DEVICE_FAMILY = "1,2";
				TEST_HOST = "$(BUILT_PRODUCTS_DIR)/WordGame.app/WordGame";
			};
			name = Release;
		};
		04E66CAF1FB22ABE004F7C56 /* Debug */ = {
			isa = XCBuildConfiguration;
			buildSettings = {
				ALWAYS_EMBED_SWIFT_STANDARD_LIBRARIES = YES;
				CODE_SIGN_STYLE = Automatic;
				DEVELOPMENT_TEAM = TY8VUPNDK8;
				INFOPLIST_FILE = WordGameUITests/Info.plist;
				LD_RUNPATH_SEARCH_PATHS = "$(inherited) @executable_path/Frameworks @loader_path/Frameworks";
				PRODUCT_BUNDLE_IDENTIFIER = SwiftTest.WordGameUITests;
				PRODUCT_NAME = "$(TARGET_NAME)";
				SWIFT_VERSION = 4.0;
				TARGETED_DEVICE_FAMILY = "1,2";
				TEST_TARGET_NAME = WordGame;
			};
			name = Debug;
		};
		04E66CB01FB22ABE004F7C56 /* Release */ = {
			isa = XCBuildConfiguration;
			buildSettings = {
				ALWAYS_EMBED_SWIFT_STANDARD_LIBRARIES = YES;
				CODE_SIGN_STYLE = Automatic;
				DEVELOPMENT_TEAM = TY8VUPNDK8;
				INFOPLIST_FILE = WordGameUITests/Info.plist;
				LD_RUNPATH_SEARCH_PATHS = "$(inherited) @executable_path/Frameworks @loader_path/Frameworks";
				PRODUCT_BUNDLE_IDENTIFIER = SwiftTest.WordGameUITests;
				PRODUCT_NAME = "$(TARGET_NAME)";
				SWIFT_VERSION = 4.0;
				TARGETED_DEVICE_FAMILY = "1,2";
				TEST_TARGET_NAME = WordGame;
			};
			name = Release;
		};
/* End XCBuildConfiguration section */

/* Begin XCConfigurationList section */
		04E66C7B1FB22ABC004F7C56 /* Build configuration list for PBXProject "WordGame" */ = {
			isa = XCConfigurationList;
			buildConfigurations = (
				04E66CA61FB22ABE004F7C56 /* Debug */,
				04E66CA71FB22ABE004F7C56 /* Release */,
			);
			defaultConfigurationIsVisible = 0;
			defaultConfigurationName = Release;
		};
		04E66CA81FB22ABE004F7C56 /* Build configuration list for PBXNativeTarget "WordGame" */ = {
			isa = XCConfigurationList;
			buildConfigurations = (
				04E66CA91FB22ABE004F7C56 /* Debug */,
				04E66CAA1FB22ABE004F7C56 /* Release */,
			);
			defaultConfigurationIsVisible = 0;
			defaultConfigurationName = Release;
		};
		04E66CAB1FB22ABE004F7C56 /* Build configuration list for PBXNativeTarget "WordGameTests" */ = {
			isa = XCConfigurationList;
			buildConfigurations = (
				04E66CAC1FB22ABE004F7C56 /* Debug */,
				04E66CAD1FB22ABE004F7C56 /* Release */,
			);
			defaultConfigurationIsVisible = 0;
			defaultConfigurationName = Release;
		};
		04E66CAE1FB22ABE004F7C56 /* Build configuration list for PBXNativeTarget "WordGameUITests" */ = {
			isa = XCConfigurationList;
			buildConfigurations = (
				04E66CAF1FB22ABE004F7C56 /* Debug */,
				04E66CB01FB22ABE004F7C56 /* Release */,
			);
			defaultConfigurationIsVisible = 0;
			defaultConfigurationName = Release;
		};
/* End XCConfigurationList section */
	};
	rootObject = 04E66C781FB22ABC004F7C56 /* Project object */;
}
